
Microsoft Visual Studio Solution File, Format Version 12.00
# Visual Studio Version 16
VisualStudioVersion = 16.0.29609.76
MinimumVisualStudioVersion = 10.0.40219.1
Project("{FAE04EC0-301F-11D3-BF4B-00C04F79EFBC}") = "SystemMartinezCV", "SystemMartinezCV\SystemMartinezCV.csproj", "{82E983E3-BA20-4232-8208-4ED28EC19FAF}"
EndProject
Global
	GlobalSection(SolutionConfigurationPlatforms) = preSolution
		Debug|Any CPU = Debug|Any CPU
		Release|Any CPU = Release|Any CPU
	EndGlobalSection
	GlobalSection(ProjectConfigurationPlatforms) = postSolution
		{82E983E3-BA20-4232-8208-4ED28EC19FAF}.Debug|Any CPU.ActiveCfg = Debug|Any CPU
		{82E983E3-BA20-4232-8208-4ED28EC19FAF}.Debug|Any CPU.Build.0 = Debug|Any CPU
		{82E983E3-BA20-4232-8208-4ED28EC19FAF}.Release|Any CPU.ActiveCfg = Release|Any CPU
		{82E983E3-BA20-4232-8208-4ED28EC19FAF}.Release|Any CPU.Build.0 = Release|Any CPU
	EndGlobalSection
	GlobalSection(SolutionProperties) = preSolution
		HideSolutionNode = FALSE
	EndGlobalSection
	GlobalSection(ExtensibilityGlobals) = postSolution
		SolutionGuid = {B2DEED90-7C7D-47D0-83C6-5B363A0CDC63}
	EndGlobalSection
EndGlobal
